// !$*UTF8*$!
{
	archiveVersion = 1;
	classes = {
	};
	objectVersion = 48;
	objects = {

/* Begin PBXBuildFile section */
		82E0E2728CEDA5BFFDF9B541 /* Pods_PartsProtein.framework in Frameworks */ = {isa = PBXBuildFile; fileRef = FDFDE474377E6C468AE8CED6 /* Pods_PartsProtein.framework */; };
		E90F0F36208BB41000E6A738 /* Extensions.swift in Sources */ = {isa = PBXBuildFile; fileRef = E90F0F35208BB41000E6A738 /* Extensions.swift */; };
		E926C7D8208CC2E4000F7808 /* PartsViewController.swift in Sources */ = {isa = PBXBuildFile; fileRef = E926C7D7208CC2E4000F7808 /* PartsViewController.swift */; };
		E9480F2C208B8366006752AF /* MeasureViewController.swift in Sources */ = {isa = PBXBuildFile; fileRef = E9480F2B208B8366006752AF /* MeasureViewController.swift */; };
		E973F360208A890C00D5C414 /* AppDelegate.swift in Sources */ = {isa = PBXBuildFile; fileRef = E973F35F208A890C00D5C414 /* AppDelegate.swift */; };
		E973F362208A890C00D5C414 /* OverboardViewController.swift in Sources */ = {isa = PBXBuildFile; fileRef = E973F361208A890C00D5C414 /* OverboardViewController.swift */; };
		E973F365208A890C00D5C414 /* Overboard.storyboard in Resources */ = {isa = PBXBuildFile; fileRef = E973F363208A890C00D5C414 /* Overboard.storyboard */; };
		E973F367208A890C00D5C414 /* Assets.xcassets in Resources */ = {isa = PBXBuildFile; fileRef = E973F366208A890C00D5C414 /* Assets.xcassets */; };
		E973F36A208A890C00D5C414 /* LaunchScreen.storyboard in Resources */ = {isa = PBXBuildFile; fileRef = E973F368208A890C00D5C414 /* LaunchScreen.storyboard */; };
		E973F372208A891F00D5C414 /* Colors.swift in Sources */ = {isa = PBXBuildFile; fileRef = E973F371208A891F00D5C414 /* Colors.swift */; };
		E982C7EB208BC10700763AA1 /* Settings.swift in Sources */ = {isa = PBXBuildFile; fileRef = E982C7EA208BC10700763AA1 /* Settings.swift */; };
		E99BE1AD208D1CCC009050C7 /* GoalViewController.swift in Sources */ = {isa = PBXBuildFile; fileRef = E99BE1AC208D1CCC009050C7 /* GoalViewController.swift */; };
		E99E09CD208B3095003A74CF /* Constants.swift in Sources */ = {isa = PBXBuildFile; fileRef = E99E09CC208B3095003A74CF /* Constants.swift */; };
		E9B1929B208BCD7D00C2A5CC /* WeightViewController.swift in Sources */ = {isa = PBXBuildFile; fileRef = E9B1929A208BCD7D00C2A5CC /* WeightViewController.swift */; };
		E9B1929D208BF07B00C2A5CC /* Global.swift in Sources */ = {isa = PBXBuildFile; fileRef = E9B1929C208BF07B00C2A5CC /* Global.swift */; };
		E9EC7EDE208B674700B99254 /* KaushanScript-Regular.ttf in Resources */ = {isa = PBXBuildFile; fileRef = E9EC7EDD208B674700B99254 /* KaushanScript-Regular.ttf */; };
/* End PBXBuildFile section */

/* Begin PBXFileReference section */
		BE3C2A3B4FD4492FCB3DE57A /* Pods-PartsProtein.release.xcconfig */ = {isa = PBXFileReference; includeInIndex = 1; lastKnownFileType = text.xcconfig; name = "Pods-PartsProtein.release.xcconfig"; path = "Pods/Target Support Files/Pods-PartsProtein/Pods-PartsProtein.release.xcconfig"; sourceTree = "<group>"; };
		C73DEC36FE77FE0290DEECED /* Pods-PartsProtein.debug.xcconfig */ = {isa = PBXFileReference; includeInIndex = 1; lastKnownFileType = text.xcconfig; name = "Pods-PartsProtein.debug.xcconfig"; path = "Pods/Target Support Files/Pods-PartsProtein/Pods-PartsProtein.debug.xcconfig"; sourceTree = "<group>"; };
		E90F0F35208BB41000E6A738 /* Extensions.swift */ = {isa = PBXFileReference; lastKnownFileType = sourcecode.swift; path = Extensions.swift; sourceTree = "<group>"; };
		E926C7D7208CC2E4000F7808 /* PartsViewController.swift */ = {isa = PBXFileReference; lastKnownFileType = sourcecode.swift; path = PartsViewController.swift; sourceTree = "<group>"; };
		E9480F2B208B8366006752AF /* MeasureViewController.swift */ = {isa = PBXFileReference; lastKnownFileType = sourcecode.swift; path = MeasureViewController.swift; sourceTree = "<group>"; };
		E973F35C208A890C00D5C414 /* PartsProtein.app */ = {isa = PBXFileReference; explicitFileType = wrapper.application; includeInIndex = 0; path = PartsProtein.app; sourceTree = BUILT_PRODUCTS_DIR; };
		E973F35F208A890C00D5C414 /* AppDelegate.swift */ = {isa = PBXFileReference; lastKnownFileType = sourcecode.swift; path = AppDelegate.swift; sourceTree = "<group>"; };
		E973F361208A890C00D5C414 /* OverboardViewController.swift */ = {isa = PBXFileReference; lastKnownFileType = sourcecode.swift; path = OverboardViewController.swift; sourceTree = "<group>"; };
		E973F364208A890C00D5C414 /* Base */ = {isa = PBXFileReference; lastKnownFileType = file.storyboard; name = Base; path = Base.lproj/Overboard.storyboard; sourceTree = "<group>"; };
		E973F366208A890C00D5C414 /* Assets.xcassets */ = {isa = PBXFileReference; lastKnownFileType = folder.assetcatalog; path = Assets.xcassets; sourceTree = "<group>"; };
		E973F369208A890C00D5C414 /* Base */ = {isa = PBXFileReference; lastKnownFileType = file.storyboard; name = Base; path = Base.lproj/LaunchScreen.storyboard; sourceTree = "<group>"; };
		E973F36B208A890C00D5C414 /* Info.plist */ = {isa = PBXFileReference; lastKnownFileType = text.plist.xml; path = Info.plist; sourceTree = "<group>"; };
		E973F371208A891F00D5C414 /* Colors.swift */ = {isa = PBXFileReference; lastKnownFileType = sourcecode.swift; path = Colors.swift; sourceTree = "<group>"; };
		E982C7EA208BC10700763AA1 /* Settings.swift */ = {isa = PBXFileReference; lastKnownFileType = sourcecode.swift; path = Settings.swift; sourceTree = "<group>"; };
		E99BE1AC208D1CCC009050C7 /* GoalViewController.swift */ = {isa = PBXFileReference; lastKnownFileType = sourcecode.swift; path = GoalViewController.swift; sourceTree = "<group>"; };
		E99E09CC208B3095003A74CF /* Constants.swift */ = {isa = PBXFileReference; lastKnownFileType = sourcecode.swift; path = Constants.swift; sourceTree = "<group>"; };
		E9B1929A208BCD7D00C2A5CC /* WeightViewController.swift */ = {isa = PBXFileReference; lastKnownFileType = sourcecode.swift; path = WeightViewController.swift; sourceTree = "<group>"; };
		E9B1929C208BF07B00C2A5CC /* Global.swift */ = {isa = PBXFileReference; lastKnownFileType = sourcecode.swift; path = Global.swift; sourceTree = "<group>"; };
		E9EC7EDD208B674700B99254 /* KaushanScript-Regular.ttf */ = {isa = PBXFileReference; lastKnownFileType = file; path = "KaushanScript-Regular.ttf"; sourceTree = "<group>"; };
		FDFDE474377E6C468AE8CED6 /* Pods_PartsProtein.framework */ = {isa = PBXFileReference; explicitFileType = wrapper.framework; includeInIndex = 0; path = Pods_PartsProtein.framework; sourceTree = BUILT_PRODUCTS_DIR; };
/* End PBXFileReference section */

/* Begin PBXFrameworksBuildPhase section */
		E973F359208A890C00D5C414 /* Frameworks */ = {
			isa = PBXFrameworksBuildPhase;
			buildActionMask = 2147483647;
			files = (
				82E0E2728CEDA5BFFDF9B541 /* Pods_PartsProtein.framework in Frameworks */,
			);
			runOnlyForDeploymentPostprocessing = 0;
		};
/* End PBXFrameworksBuildPhase section */

/* Begin PBXGroup section */
		35E4C27D3D27A2222DBB0073 /* Frameworks */ = {
			isa = PBXGroup;
			children = (
				FDFDE474377E6C468AE8CED6 /* Pods_PartsProtein.framework */,
			);
			name = Frameworks;
			sourceTree = "<group>";
		};
		5AA46B98929B1E76D7557A0D /* Pods */ = {
			isa = PBXGroup;
			children = (
				C73DEC36FE77FE0290DEECED /* Pods-PartsProtein.debug.xcconfig */,
				BE3C2A3B4FD4492FCB3DE57A /* Pods-PartsProtein.release.xcconfig */,
			);
			name = Pods;
			sourceTree = "<group>";
		};
		E926C7D5208CBDDD000F7808 /* Controllers */ = {
			isa = PBXGroup;
			children = (
				E926C7D6208CBE04000F7808 /* Overboard */,
			);
			path = Controllers;
			sourceTree = "<group>";
		};
		E926C7D6208CBE04000F7808 /* Overboard */ = {
			isa = PBXGroup;
			children = (
				E973F361208A890C00D5C414 /* OverboardViewController.swift */,
				E9480F2B208B8366006752AF /* MeasureViewController.swift */,
				E926C7D7208CC2E4000F7808 /* PartsViewController.swift */,
				E9B1929A208BCD7D00C2A5CC /* WeightViewController.swift */,
				E99BE1AC208D1CCC009050C7 /* GoalViewController.swift */,
			);
			path = Overboard;
			sourceTree = "<group>";
		};
		E973F353208A890C00D5C414 = {
			isa = PBXGroup;
			children = (
				E973F35E208A890C00D5C414 /* PartsProtein */,
				E973F35D208A890C00D5C414 /* Products */,
				5AA46B98929B1E76D7557A0D /* Pods */,
				35E4C27D3D27A2222DBB0073 /* Frameworks */,
			);
			sourceTree = "<group>";
		};
		E973F35D208A890C00D5C414 /* Products */ = {
			isa = PBXGroup;
			children = (
				E973F35C208A890C00D5C414 /* PartsProtein.app */,
			);
			name = Products;
			sourceTree = "<group>";
		};
		E973F35E208A890C00D5C414 /* PartsProtein */ = {
			isa = PBXGroup;
			children = (
				E973F35F208A890C00D5C414 /* AppDelegate.swift */,
				E973F373208A899F00D5C414 /* Support */,
				E926C7D5208CBDDD000F7808 /* Controllers */,
				E973F363208A890C00D5C414 /* Overboard.storyboard */,
				E9EC7EDF208B675A00B99254 /* Resources */,
				E973F366208A890C00D5C414 /* Assets.xcassets */,
				E973F368208A890C00D5C414 /* LaunchScreen.storyboard */,
				E973F36B208A890C00D5C414 /* Info.plist */,
			);
			path = PartsProtein;
			sourceTree = "<group>";
		};
		E973F373208A899F00D5C414 /* Support */ = {
			isa = PBXGroup;
			children = (
				E99E09CC208B3095003A74CF /* Constants.swift */,
				E973F371208A891F00D5C414 /* Colors.swift */,
				E90F0F35208BB41000E6A738 /* Extensions.swift */,
				E982C7EA208BC10700763AA1 /* Settings.swift */,
				E9B1929C208BF07B00C2A5CC /* Global.swift */,
			);
			path = Support;
			sourceTree = "<group>";
		};
		E9EC7EDF208B675A00B99254 /* Resources */ = {
			isa = PBXGroup;
			children = (
				E9EC7EE0208B676C00B99254 /* Fonts */,
			);
			path = Resources;
			sourceTree = "<group>";
		};
		E9EC7EE0208B676C00B99254 /* Fonts */ = {
			isa = PBXGroup;
			children = (
				E9EC7EDD208B674700B99254 /* KaushanScript-Regular.ttf */,
			);
			path = Fonts;
			sourceTree = "<group>";
		};
/* End PBXGroup section */

/* Begin PBXNativeTarget section */
		E973F35B208A890C00D5C414 /* PartsProtein */ = {
			isa = PBXNativeTarget;
			buildConfigurationList = E973F36E208A890C00D5C414 /* Build configuration list for PBXNativeTarget "PartsProtein" */;
			buildPhases = (
				1F1F3D47A607C59AC3E605BA /* [CP] Check Pods Manifest.lock */,
				E973F358208A890C00D5C414 /* Sources */,
				E973F359208A890C00D5C414 /* Frameworks */,
				E973F35A208A890C00D5C414 /* Resources */,
				4D91E1C9B520C3A1AFC6855E /* [CP] Embed Pods Frameworks */,
				A4F6FA377CF63669D2F80D03 /* [CP] Copy Pods Resources */,
			);
			buildRules = (
			);
			dependencies = (
			);
			name = PartsProtein;
			productName = PartsProtein;
			productReference = E973F35C208A890C00D5C414 /* PartsProtein.app */;
			productType = "com.apple.product-type.application";
		};
/* End PBXNativeTarget section */

/* Begin PBXProject section */
		E973F354208A890C00D5C414 /* Project object */ = {
			isa = PBXProject;
			attributes = {
				LastSwiftUpdateCheck = 0920;
				LastUpgradeCheck = 0920;
				ORGANIZATIONNAME = attom;
				TargetAttributes = {
					E973F35B208A890C00D5C414 = {
						CreatedOnToolsVersion = 9.2;
						ProvisioningStyle = Automatic;
					};
				};
			};
			buildConfigurationList = E973F357208A890C00D5C414 /* Build configuration list for PBXProject "PartsProtein" */;
			compatibilityVersion = "Xcode 8.0";
			developmentRegion = en;
			hasScannedForEncodings = 0;
			knownRegions = (
				en,
				Base,
			);
			mainGroup = E973F353208A890C00D5C414;
			productRefGroup = E973F35D208A890C00D5C414 /* Products */;
			projectDirPath = "";
			projectRoot = "";
			targets = (
				E973F35B208A890C00D5C414 /* PartsProtein */,
			);
		};
/* End PBXProject section */

/* Begin PBXResourcesBuildPhase section */
		E973F35A208A890C00D5C414 /* Resources */ = {
			isa = PBXResourcesBuildPhase;
			buildActionMask = 2147483647;
			files = (
				E9EC7EDE208B674700B99254 /* KaushanScript-Regular.ttf in Resources */,
				E973F36A208A890C00D5C414 /* LaunchScreen.storyboard in Resources */,
				E973F367208A890C00D5C414 /* Assets.xcassets in Resources */,
				E973F365208A890C00D5C414 /* Overboard.storyboard in Resources */,
			);
			runOnlyForDeploymentPostprocessing = 0;
		};
/* End PBXResourcesBuildPhase section */

/* Begin PBXShellScriptBuildPhase section */
		1F1F3D47A607C59AC3E605BA /* [CP] Check Pods Manifest.lock */ = {
			isa = PBXShellScriptBuildPhase;
			buildActionMask = 2147483647;
			files = (
			);
			inputPaths = (
				"${PODS_PODFILE_DIR_PATH}/Podfile.lock",
				"${PODS_ROOT}/Manifest.lock",
			);
			name = "[CP] Check Pods Manifest.lock";
			outputPaths = (
				"$(DERIVED_FILE_DIR)/Pods-PartsProtein-checkManifestLockResult.txt",
			);
			runOnlyForDeploymentPostprocessing = 0;
			shellPath = /bin/sh;
			shellScript = "diff \"${PODS_PODFILE_DIR_PATH}/Podfile.lock\" \"${PODS_ROOT}/Manifest.lock\" > /dev/null\nif [ $? != 0 ] ; then\n    # print error to STDERR\n    echo \"error: The sandbox is not in sync with the Podfile.lock. Run 'pod install' or update your CocoaPods installation.\" >&2\n    exit 1\nfi\n# This output is used by Xcode 'outputs' to avoid re-running this script phase.\necho \"SUCCESS\" > \"${SCRIPT_OUTPUT_FILE_0}\"\n";
			showEnvVarsInLog = 0;
		};
		4D91E1C9B520C3A1AFC6855E /* [CP] Embed Pods Frameworks */ = {
			isa = PBXShellScriptBuildPhase;
			buildActionMask = 2147483647;
			files = (
			);
			inputPaths = (
				"${SRCROOT}/Pods/Target Support Files/Pods-PartsProtein/Pods-PartsProtein-frameworks.sh",
				"${BUILT_PRODUCTS_DIR}/AMWaveTransition/AMWaveTransition.framework",
				"${BUILT_PRODUCTS_DIR}/pop/pop.framework",
			);
			name = "[CP] Embed Pods Frameworks";
			outputPaths = (
				"${TARGET_BUILD_DIR}/${FRAMEWORKS_FOLDER_PATH}/AMWaveTransition.framework",
				"${TARGET_BUILD_DIR}/${FRAMEWORKS_FOLDER_PATH}/pop.framework",
			);
			runOnlyForDeploymentPostprocessing = 0;
			shellPath = /bin/sh;
			shellScript = "\"${SRCROOT}/Pods/Target Support Files/Pods-PartsProtein/Pods-PartsProtein-frameworks.sh\"\n";
			showEnvVarsInLog = 0;
		};
		A4F6FA377CF63669D2F80D03 /* [CP] Copy Pods Resources */ = {
			isa = PBXShellScriptBuildPhase;
			buildActionMask = 2147483647;
			files = (
			);
			inputPaths = (
			);
			name = "[CP] Copy Pods Resources";
			outputPaths = (
			);
			runOnlyForDeploymentPostprocessing = 0;
			shellPath = /bin/sh;
			shellScript = "\"${SRCROOT}/Pods/Target Support Files/Pods-PartsProtein/Pods-PartsProtein-resources.sh\"\n";
			showEnvVarsInLog = 0;
		};
/* End PBXShellScriptBuildPhase section */

/* Begin PBXSourcesBuildPhase section */
		E973F358208A890C00D5C414 /* Sources */ = {
			isa = PBXSourcesBuildPhase;
			buildActionMask = 2147483647;
			files = (
				E973F362208A890C00D5C414 /* OverboardViewController.swift in Sources */,
				E90F0F36208BB41000E6A738 /* Extensions.swift in Sources */,
				E973F372208A891F00D5C414 /* Colors.swift in Sources */,
				E926C7D8208CC2E4000F7808 /* PartsViewController.swift in Sources */,
				E973F360208A890C00D5C414 /* AppDelegate.swift in Sources */,
				E9B1929B208BCD7D00C2A5CC /* WeightViewController.swift in Sources */,
				E982C7EB208BC10700763AA1 /* Settings.swift in Sources */,
				E9480F2C208B8366006752AF /* MeasureViewController.swift in Sources */,
				E99BE1AD208D1CCC009050C7 /* GoalViewController.swift in Sources */,
				E99E09CD208B3095003A74CF /* Constants.swift in Sources */,
				E9B1929D208BF07B00C2A5CC /* Global.swift in Sources */,
			);
			runOnlyForDeploymentPostprocessing = 0;
		};
/* End PBXSourcesBuildPhase section */

/* Begin PBXVariantGroup section */
		E973F363208A890C00D5C414 /* Overboard.storyboard */ = {
			isa = PBXVariantGroup;
			children = (
				E973F364208A890C00D5C414 /* Base */,
			);
			name = Overboard.storyboard;
			sourceTree = "<group>";
		};
		E973F368208A890C00D5C414 /* LaunchScreen.storyboard */ = {
			isa = PBXVariantGroup;
			children = (
				E973F369208A890C00D5C414 /* Base */,
			);
			name = LaunchScreen.storyboard;
			sourceTree = "<group>";
		};
/* End PBXVariantGroup section */

/* Begin XCBuildConfiguration section */
		E973F36C208A890C00D5C414 /* Debug */ = {
			isa = XCBuildConfiguration;
			buildSettings = {
				ALWAYS_SEARCH_USER_PATHS = NO;
				CLANG_ANALYZER_NONNULL = YES;
				CLANG_ANALYZER_NUMBER_OBJECT_CONVERSION = YES_AGGRESSIVE;
				CLANG_CXX_LANGUAGE_STANDARD = "gnu++14";
				CLANG_CXX_LIBRARY = "libc++";
				CLANG_ENABLE_MODULES = YES;
				CLANG_ENABLE_OBJC_ARC = YES;
				CLANG_WARN_BLOCK_CAPTURE_AUTORELEASING = YES;
				CLANG_WARN_BOOL_CONVERSION = YES;
				CLANG_WARN_COMMA = YES;
				CLANG_WARN_CONSTANT_CONVERSION = YES;
				CLANG_WARN_DIRECT_OBJC_ISA_USAGE = YES_ERROR;
				CLANG_WARN_DOCUMENTATION_COMMENTS = YES;
				CLANG_WARN_EMPTY_BODY = YES;
				CLANG_WARN_ENUM_CONVERSION = YES;
				CLANG_WARN_INFINITE_RECURSION = YES;
				CLANG_WARN_INT_CONVERSION = YES;
				CLANG_WARN_NON_LITERAL_NULL_CONVERSION = YES;
				CLANG_WARN_OBJC_LITERAL_CONVERSION = YES;
				CLANG_WARN_OBJC_ROOT_CLASS = YES_ERROR;
				CLANG_WARN_RANGE_LOOP_ANALYSIS = YES;
				CLANG_WARN_STRICT_PROTOTYPES = YES;
				CLANG_WARN_SUSPICIOUS_MOVE = YES;
				CLANG_WARN_UNGUARDED_AVAILABILITY = YES_AGGRESSIVE;
				CLANG_WARN_UNREACHABLE_CODE = YES;
				CLANG_WARN__DUPLICATE_METHOD_MATCH = YES;
				CODE_SIGN_IDENTITY = "iPhone Developer";
				COPY_PHASE_STRIP = NO;
				DEBUG_INFORMATION_FORMAT = dwarf;
				ENABLE_STRICT_OBJC_MSGSEND = YES;
				ENABLE_TESTABILITY = YES;
				GCC_C_LANGUAGE_STANDARD = gnu11;
				GCC_DYNAMIC_NO_PIC = NO;
				GCC_NO_COMMON_BLOCKS = YES;
				GCC_OPTIMIZATION_LEVEL = 0;
				GCC_PREPROCESSOR_DEFINITIONS = (
					"DEBUG=1",
					"$(inherited)",
				);
				GCC_WARN_64_TO_32_BIT_CONVERSION = YES;
				GCC_WARN_ABOUT_RETURN_TYPE = YES_ERROR;
				GCC_WARN_UNDECLARED_SELECTOR = YES;
				GCC_WARN_UNINITIALIZED_AUTOS = YES_AGGRESSIVE;
				GCC_WARN_UNUSED_FUNCTION = YES;
				GCC_WARN_UNUSED_VARIABLE = YES;
				IPHONEOS_DEPLOYMENT_TARGET = 11.2;
				MTL_ENABLE_DEBUG_INFO = YES;
				ONLY_ACTIVE_ARCH = YES;
				SDKROOT = iphoneos;
				SWIFT_ACTIVE_COMPILATION_CONDITIONS = DEBUG;
				SWIFT_OPTIMIZATION_LEVEL = "-Onone";
			};
			name = Debug;
		};
		E973F36D208A890C00D5C414 /* Release */ = {
			isa = XCBuildConfiguration;
			buildSettings = {
				ALWAYS_SEARCH_USER_PATHS = NO;
				CLANG_ANALYZER_NONNULL = YES;
				CLANG_ANALYZER_NUMBER_OBJECT_CONVERSION = YES_AGGRESSIVE;
				CLANG_CXX_LANGUAGE_STANDARD = "gnu++14";
				CLANG_CXX_LIBRARY = "libc++";
				CLANG_ENABLE_MODULES = YES;
				CLANG_ENABLE_OBJC_ARC = YES;
				CLANG_WARN_BLOCK_CAPTURE_AUTORELEASING = YES;
				CLANG_WARN_BOOL_CONVERSION = YES;
				CLANG_WARN_COMMA = YES;
				CLANG_WARN_CONSTANT_CONVERSION = YES;
				CLANG_WARN_DIRECT_OBJC_ISA_USAGE = YES_ERROR;
				CLANG_WARN_DOCUMENTATION_COMMENTS = YES;
				CLANG_WARN_EMPTY_BODY = YES;
				CLANG_WARN_ENUM_CONVERSION = YES;
				CLANG_WARN_INFINITE_RECURSION = YES;
				CLANG_WARN_INT_CONVERSION = YES;
				CLANG_WARN_NON_LITERAL_NULL_CONVERSION = YES;
				CLANG_WARN_OBJC_LITERAL_CONVERSION = YES;
				CLANG_WARN_OBJC_ROOT_CLASS = YES_ERROR;
				CLANG_WARN_RANGE_LOOP_ANALYSIS = YES;
				CLANG_WARN_STRICT_PROTOTYPES = YES;
				CLANG_WARN_SUSPICIOUS_MOVE = YES;
				CLANG_WARN_UNGUARDED_AVAILABILITY = YES_AGGRESSIVE;
				CLANG_WARN_UNREACHABLE_CODE = YES;
				CLANG_WARN__DUPLICATE_METHOD_MATCH = YES;
				CODE_SIGN_IDENTITY = "iPhone Developer";
				COPY_PHASE_STRIP = NO;
				DEBUG_INFORMATION_FORMAT = "dwarf-with-dsym";
				ENABLE_NS_ASSERTIONS = NO;
				ENABLE_STRICT_OBJC_MSGSEND = YES;
				GCC_C_LANGUAGE_STANDARD = gnu11;
				GCC_NO_COMMON_BLOCKS = YES;
				GCC_WARN_64_TO_32_BIT_CONVERSION = YES;
				GCC_WARN_ABOUT_RETURN_TYPE = YES_ERROR;
				GCC_WARN_UNDECLARED_SELECTOR = YES;
				GCC_WARN_UNINITIALIZED_AUTOS = YES_AGGRESSIVE;
				GCC_WARN_UNUSED_FUNCTION = YES;
				GCC_WARN_UNUSED_VARIABLE = YES;
				IPHONEOS_DEPLOYMENT_TARGET = 11.2;
				MTL_ENABLE_DEBUG_INFO = NO;
				SDKROOT = iphoneos;
				SWIFT_OPTIMIZATION_LEVEL = "-Owholemodule";
				VALIDATE_PRODUCT = YES;
			};
			name = Release;
		};
		E973F36F208A890C00D5C414 /* Debug */ = {
			isa = XCBuildConfiguration;
			baseConfigurationReference = C73DEC36FE77FE0290DEECED /* Pods-PartsProtein.debug.xcconfig */;
			buildSettings = {
				ASSETCATALOG_COMPILER_APPICON_NAME = AppIcon;
				CODE_SIGN_STYLE = Automatic;
				DEVELOPMENT_TEAM = 55776BLM7G;
				INFOPLIST_FILE = PartsProtein/Info.plist;
				LD_RUNPATH_SEARCH_PATHS = "$(inherited) @executable_path/Frameworks";
				PRODUCT_BUNDLE_IDENTIFIER = C.PartsProtein;
				PRODUCT_NAME = "$(TARGET_NAME)";
				SWIFT_VERSION = 4.0;
				TARGETED_DEVICE_FAMILY = "1,2";
			};
			name = Debug;
		};
		E973F370208A890C00D5C414 /* Release */ = {
			isa = XCBuildConfiguration;
			baseConfigurationReference = BE3C2A3B4FD4492FCB3DE57A /* Pods-PartsProtein.release.xcconfig */;
			buildSettings = {
				ASSETCATALOG_COMPILER_APPICON_NAME = AppIcon;
				CODE_SIGN_STYLE = Automatic;
				DEVELOPMENT_TEAM = 55776BLM7G;
				INFOPLIST_FILE = PartsProtein/Info.plist;
				LD_RUNPATH_SEARCH_PATHS = "$(inherited) @executable_path/Frameworks";
				PRODUCT_BUNDLE_IDENTIFIER = C.PartsProtein;
				PRODUCT_NAME = "$(TARGET_NAME)";
				SWIFT_VERSION = 4.0;
				TARGETED_DEVICE_FAMILY = "1,2";
			};
			name = Release;
		};
/* End XCBuildConfiguration section */

/* Begin XCConfigurationList section */
		E973F357208A890C00D5C414 /* Build configuration list for PBXProject "PartsProtein" */ = {
			isa = XCConfigurationList;
			buildConfigurations = (
				E973F36C208A890C00D5C414 /* Debug */,
				E973F36D208A890C00D5C414 /* Release */,
			);
			defaultConfigurationIsVisible = 0;
			defaultConfigurationName = Release;
		};
		E973F36E208A890C00D5C414 /* Build configuration list for PBXNativeTarget "PartsProtein" */ = {
			isa = XCConfigurationList;
			buildConfigurations = (
				E973F36F208A890C00D5C414 /* Debug */,
				E973F370208A890C00D5C414 /* Release */,
			);
			defaultConfigurationIsVisible = 0;
			defaultConfigurationName = Release;
		};
/* End XCConfigurationList section */
	};
	rootObject = E973F354208A890C00D5C414 /* Project object */;
}
